clock:
  usage:
    main: '§c使用法: /clock <timer|alarm|list|cancel>'
    timer: '§c使用法: /clock timer <時間(s|m|h)> <title> [forceBar]'
    alarm: '§c使用法: /clock alarm <時刻(HH:mm)> <title> [forceBar]'
    cancel: '§c使用法: /clock cancel <title>'
  invalid_duration_format: '§c時間の形式が不正です。(例: 30s, 90m, 2h)'
  duration_out_of_range: §c時間は1秒以上24時間未満で指定してください。
  invalid_time_format: '§c時刻の形式が不正です。(例: 07:30)'
  alarm_not_future: §c設定時刻は現在時刻より後を指定してください。
  title_required: §cタイトルを指定してください。
  set_success: '§aクロックを設定しました。(ID: %id%)'
  cancel_success: '§aクロックをキャンセルしました。(title: %title%)'
  cancel_not_found: '§c指定タイトルのクロックが見つかりません。(title: %title%)'
  title_conflict: '§c同名タイトルのクロックが既に存在します: %title%'
  list_header: §7[§bClock一覧§7]
  list_empty: §e現在実行中のクロックはありません。
  list_line: §7- [%id%] %type% (%arg%) title=§f%title%§7, 残り=%remaining%, force=%force%
  type:
    timer: タイマー
    alarm: アラーム
  timer:
    started: §b%duration%のタイマー§7「§6%title%§7」が開始されました！
    completed: §aタイマー§7「§6%title%§7」が終了しました！
  alarm:
    started: §7アラーム「§e%title%§7」が§b%time%§7に設定されました！
    completed: §dアラーム§7「§e%title%§7」の時刻です！
